
Microsoft Visual Studio Solution File, Format Version 12.00
# Visual Studio 2012
Project("{FAE04EC0-301F-11D3-BF4B-00C04F79EFBC}") = "XboxGamesApi", "XboxGamesApi\XboxGamesApi.csproj", "{00F56BE0-F79A-48C3-8667-66E43A17BD37}"
EndProject
Global
	GlobalSection(SolutionConfigurationPlatforms) = preSolution
		Debug|Any CPU = Debug|Any CPU
		Release|Any CPU = Release|Any CPU
	EndGlobalSection
	GlobalSection(ProjectConfigurationPlatforms) = postSolution
		{00F56BE0-F79A-48C3-8667-66E43A17BD37}.Debug|Any CPU.ActiveCfg = Debug|Any CPU
		{00F56BE0-F79A-48C3-8667-66E43A17BD37}.Debug|Any CPU.Build.0 = Debug|Any CPU
		{00F56BE0-F79A-48C3-8667-66E43A17BD37}.Release|Any CPU.ActiveCfg = Release|Any CPU
		{00F56BE0-F79A-48C3-8667-66E43A17BD37}.Release|Any CPU.Build.0 = Release|Any CPU
	EndGlobalSection
	GlobalSection(SolutionProperties) = preSolution
		HideSolutionNode = FALSE
	EndGlobalSection
EndGlobal
